
Microsoft Visual Studio Solution File, Format Version 12.00
# Visual Studio 2012
Project("{FAE04EC0-301F-11D3-BF4B-00C04F79EFBC}") = "ProyekPCS", "ProyekPCS\ProyekPCS.csproj", "{51D9BE86-0422-4C3B-AE9B-1839C02E13E6}"
EndProject
Project("{FAE04EC0-301F-11D3-BF4B-00C04F79EFBC}") = "RLIB", "RLIB\RLIB.csproj", "{23039334-540F-448E-8B94-9F837FEAEE7D}"
EndProject
Global
	GlobalSection(SolutionConfigurationPlatforms) = preSolution
		Debug|Any CPU = Debug|Any CPU
		Release|Any CPU = Release|Any CPU
	EndGlobalSection
	GlobalSection(ProjectConfigurationPlatforms) = postSolution
		{51D9BE86-0422-4C3B-AE9B-1839C02E13E6}.Debug|Any CPU.ActiveCfg = Debug|Any CPU
		{51D9BE86-0422-4C3B-AE9B-1839C02E13E6}.Debug|Any CPU.Build.0 = Debug|Any CPU
		{51D9BE86-0422-4C3B-AE9B-1839C02E13E6}.Release|Any CPU.ActiveCfg = Release|Any CPU
		{51D9BE86-0422-4C3B-AE9B-1839C02E13E6}.Release|Any CPU.Build.0 = Release|Any CPU
		{23039334-540F-448E-8B94-9F837FEAEE7D}.Debug|Any CPU.ActiveCfg = Debug|Any CPU
		{23039334-540F-448E-8B94-9F837FEAEE7D}.Debug|Any CPU.Build.0 = Debug|Any CPU
		{23039334-540F-448E-8B94-9F837FEAEE7D}.Release|Any CPU.ActiveCfg = Release|Any CPU
		{23039334-540F-448E-8B94-9F837FEAEE7D}.Release|Any CPU.Build.0 = Release|Any CPU
	EndGlobalSection
	GlobalSection(SolutionProperties) = preSolution
		HideSolutionNode = FALSE
	EndGlobalSection
EndGlobal
